// !$*UTF8*$!
{
	archiveVersion = 1;
	classes = {
	};
	objectVersion = 56;
	objects = {

/* Begin PBXBuildFile section */
		781D822E2B17E2CC002C813F /* DiceSpreadingView.swift in Sources */ = {isa = PBXBuildFile; fileRef = 781D822D2B17E2CC002C813F /* DiceSpreadingView.swift */; };
		78D690922B1741B500CC44B7 /* DiceOffApp.swift in Sources */ = {isa = PBXBuildFile; fileRef = 78D690912B1741B500CC44B7 /* DiceOffApp.swift */; };
		78D690942B1741B500CC44B7 /* ContentView.swift in Sources */ = {isa = PBXBuildFile; fileRef = 78D690932B1741B500CC44B7 /* ContentView.swift */; };
		78D690962B1741B700CC44B7 /* Assets.xcassets in Resources */ = {isa = PBXBuildFile; fileRef = 78D690952B1741B700CC44B7 /* Assets.xcassets */; };
		78D690992B1741B700CC44B7 /* Preview Assets.xcassets in Resources */ = {isa = PBXBuildFile; fileRef = 78D690982B1741B700CC44B7 /* Preview Assets.xcassets */; };
		78D690A02B17427400CC44B7 /* GameState.swift in Sources */ = {isa = PBXBuildFile; fileRef = 78D6909F2B17427400CC44B7 /* GameState.swift */; };
		78D690A22B1742C300CC44B7 /* Player.swift in Sources */ = {isa = PBXBuildFile; fileRef = 78D690A12B1742C300CC44B7 /* Player.swift */; };
		78D690A42B1743AC00CC44B7 /* Dice.swift in Sources */ = {isa = PBXBuildFile; fileRef = 78D690A32B1743AC00CC44B7 /* Dice.swift */; };
		78D690A62B17459300CC44B7 /* Game.swift in Sources */ = {isa = PBXBuildFile; fileRef = 78D690A52B17459300CC44B7 /* Game.swift */; };
		78D690A82B17491300CC44B7 /* DiceView.swift in Sources */ = {isa = PBXBuildFile; fileRef = 78D690A72B17491300CC44B7 /* DiceView.swift */; };
/* End PBXBuildFile section */

/* Begin PBXFileReference section */
		781D822D2B17E2CC002C813F /* DiceSpreadingView.swift */ = {isa = PBXFileReference; lastKnownFileType = sourcecode.swift; path = DiceSpreadingView.swift; sourceTree = "<group>"; };
		78D6908E2B1741B500CC44B7 /* DiceOff.app */ = {isa = PBXFileReference; explicitFileType = wrapper.application; includeInIndex = 0; path = DiceOff.app; sourceTree = BUILT_PRODUCTS_DIR; };
		78D690912B1741B500CC44B7 /* DiceOffApp.swift */ = {isa = PBXFileReference; lastKnownFileType = sourcecode.swift; path = DiceOffApp.swift; sourceTree = "<group>"; };
		78D690932B1741B500CC44B7 /* ContentView.swift */ = {isa = PBXFileReference; lastKnownFileType = sourcecode.swift; path = ContentView.swift; sourceTree = "<group>"; };
		78D690952B1741B700CC44B7 /* Assets.xcassets */ = {isa = PBXFileReference; lastKnownFileType = folder.assetcatalog; path = Assets.xcassets; sourceTree = "<group>"; };
		78D690982B1741B700CC44B7 /* Preview Assets.xcassets */ = {isa = PBXFileReference; lastKnownFileType = folder.assetcatalog; path = "Preview Assets.xcassets"; sourceTree = "<group>"; };
		78D6909F2B17427400CC44B7 /* GameState.swift */ = {isa = PBXFileReference; lastKnownFileType = sourcecode.swift; path = GameState.swift; sourceTree = "<group>"; };
		78D690A12B1742C300CC44B7 /* Player.swift */ = {isa = PBXFileReference; lastKnownFileType = sourcecode.swift; path = Player.swift; sourceTree = "<group>"; };
		78D690A32B1743AC00CC44B7 /* Dice.swift */ = {isa = PBXFileReference; lastKnownFileType = sourcecode.swift; path = Dice.swift; sourceTree = "<group>"; };
		78D690A52B17459300CC44B7 /* Game.swift */ = {isa = PBXFileReference; lastKnownFileType = sourcecode.swift; path = Game.swift; sourceTree = "<group>"; };
		78D690A72B17491300CC44B7 /* DiceView.swift */ = {isa = PBXFileReference; lastKnownFileType = sourcecode.swift; path = DiceView.swift; sourceTree = "<group>"; };
/* End PBXFileReference section */

/* Begin PBXFrameworksBuildPhase section */
		78D6908B2B1741B500CC44B7 /* Frameworks */ = {
			isa = PBXFrameworksBuildPhase;
			buildActionMask = 2147483647;
			files = (
			);
			runOnlyForDeploymentPostprocessing = 0;
		};
/* End PBXFrameworksBuildPhase section */

/* Begin PBXGroup section */
		78D690852B1741B500CC44B7 = {
			isa = PBXGroup;
			children = (
				78D690902B1741B500CC44B7 /* DiceOff */,
				78D6908F2B1741B500CC44B7 /* Products */,
			);
			sourceTree = "<group>";
		};
		78D6908F2B1741B500CC44B7 /* Products */ = {
			isa = PBXGroup;
			children = (
				78D6908E2B1741B500CC44B7 /* DiceOff.app */,
			);
			name = Products;
			sourceTree = "<group>";
		};
		78D690902B1741B500CC44B7 /* DiceOff */ = {
			isa = PBXGroup;
			children = (
				78D690912B1741B500CC44B7 /* DiceOffApp.swift */,
				78D690932B1741B500CC44B7 /* ContentView.swift */,
				78D6909F2B17427400CC44B7 /* GameState.swift */,
				78D690A12B1742C300CC44B7 /* Player.swift */,
				78D690A32B1743AC00CC44B7 /* Dice.swift */,
				78D690A52B17459300CC44B7 /* Game.swift */,
				78D690A72B17491300CC44B7 /* DiceView.swift */,
				781D822D2B17E2CC002C813F /* DiceSpreadingView.swift */,
				78D690952B1741B700CC44B7 /* Assets.xcassets */,
				78D690972B1741B700CC44B7 /* Preview Content */,
			);
			path = DiceOff;
			sourceTree = "<group>";
		};
		78D690972B1741B700CC44B7 /* Preview Content */ = {
			isa = PBXGroup;
			children = (
				78D690982B1741B700CC44B7 /* Preview Assets.xcassets */,
			);
			path = "Preview Content";
			sourceTree = "<group>";
		};
/* End PBXGroup section */

/* Begin PBXNativeTarget section */
		78D6908D2B1741B500CC44B7 /* DiceOff */ = {
			isa = PBXNativeTarget;
			buildConfigurationList = 78D6909C2B1741B700CC44B7 /* Build configuration list for PBXNativeTarget "DiceOff" */;
			buildPhases = (
				78D6908A2B1741B500CC44B7 /* Sources */,
				78D6908B2B1741B500CC44B7 /* Frameworks */,
				78D6908C2B1741B500CC44B7 /* Resources */,
			);
			buildRules = (
			);
			dependencies = (
			);
			name = DiceOff;
			productName = DiceOff;
			productReference = 78D6908E2B1741B500CC44B7 /* DiceOff.app */;
			productType = "com.apple.product-type.application";
		};
/* End PBXNativeTarget section */

/* Begin PBXProject section */
		78D690862B1741B500CC44B7 /* Project object */ = {
			isa = PBXProject;
			attributes = {
				BuildIndependentTargetsInParallel = 1;
				LastSwiftUpdateCheck = 1500;
				LastUpgradeCheck = 1500;
				TargetAttributes = {
					78D6908D2B1741B500CC44B7 = {
						CreatedOnToolsVersion = 15.0.1;
					};
				};
			};
			buildConfigurationList = 78D690892B1741B500CC44B7 /* Build configuration list for PBXProject "DiceOff" */;
			compatibilityVersion = "Xcode 14.0";
			developmentRegion = en;
			hasScannedForEncodings = 0;
			knownRegions = (
				en,
				Base,
			);
			mainGroup = 78D690852B1741B500CC44B7;
			productRefGroup = 78D6908F2B1741B500CC44B7 /* Products */;
			projectDirPath = "";
			projectRoot = "";
			targets = (
				78D6908D2B1741B500CC44B7 /* DiceOff */,
			);
		};
/* End PBXProject section */

/* Begin PBXResourcesBuildPhase section */
		78D6908C2B1741B500CC44B7 /* Resources */ = {
			isa = PBXResourcesBuildPhase;
			buildActionMask = 2147483647;
			files = (
				78D690992B1741B700CC44B7 /* Preview Assets.xcassets in Resources */,
				78D690962B1741B700CC44B7 /* Assets.xcassets in Resources */,
			);
			runOnlyForDeploymentPostprocessing = 0;
		};
/* End PBXResourcesBuildPhase section */

/* Begin PBXSourcesBuildPhase section */
		78D6908A2B1741B500CC44B7 /* Sources */ = {
			isa = PBXSourcesBuildPhase;
			buildActionMask = 2147483647;
			files = (
				78D690A22B1742C300CC44B7 /* Player.swift in Sources */,
				78D690A62B17459300CC44B7 /* Game.swift in Sources */,
				78D690A02B17427400CC44B7 /* GameState.swift in Sources */,
				78D690A42B1743AC00CC44B7 /* Dice.swift in Sources */,
				78D690942B1741B500CC44B7 /* ContentView.swift in Sources */,
				78D690A82B17491300CC44B7 /* DiceView.swift in Sources */,
				78D690922B1741B500CC44B7 /* DiceOffApp.swift in Sources */,
				781D822E2B17E2CC002C813F /* DiceSpreadingView.swift in Sources */,
			);
			runOnlyForDeploymentPostprocessing = 0;
		};
/* End PBXSourcesBuildPhase section */

/* Begin XCBuildConfiguration section */
		78D6909A2B1741B700CC44B7 /* Debug */ = {
			isa = XCBuildConfiguration;
			buildSettings = {
				ALWAYS_SEARCH_USER_PATHS = NO;
				ASSETCATALOG_COMPILER_GENERATE_SWIFT_ASSET_SYMBOL_EXTENSIONS = YES;
				CLANG_ANALYZER_NONNULL = YES;
				CLANG_ANALYZER_NUMBER_OBJECT_CONVERSION = YES_AGGRESSIVE;
				CLANG_CXX_LANGUAGE_STANDARD = "gnu++20";
				CLANG_ENABLE_MODULES = YES;
				CLANG_ENABLE_OBJC_ARC = YES;
				CLANG_ENABLE_OBJC_WEAK = YES;
				CLANG_WARN_BLOCK_CAPTURE_AUTORELEASING = YES;
				CLANG_WARN_BOOL_CONVERSION = YES;
				CLANG_WARN_COMMA = YES;
				CLANG_WARN_CONSTANT_CONVERSION = YES;
				CLANG_WARN_DEPRECATED_OBJC_IMPLEMENTATIONS = YES;
				CLANG_WARN_DIRECT_OBJC_ISA_USAGE = YES_ERROR;
				CLANG_WARN_DOCUMENTATION_COMMENTS = YES;
				CLANG_WARN_EMPTY_BODY = YES;
				CLANG_WARN_ENUM_CONVERSION = YES;
				CLANG_WARN_INFINITE_RECURSION = YES;
				CLANG_WARN_INT_CONVERSION = YES;
				CLANG_WARN_NON_LITERAL_NULL_CONVERSION = YES;
				CLANG_WARN_OBJC_IMPLICIT_RETAIN_SELF = YES;
				CLANG_WARN_OBJC_LITERAL_CONVERSION = YES;
				CLANG_WARN_OBJC_ROOT_CLASS = YES_ERROR;
				CLANG_WARN_QUOTED_INCLUDE_IN_FRAMEWORK_HEADER = YES;
				CLANG_WARN_RANGE_LOOP_ANALYSIS = YES;
				CLANG_WARN_STRICT_PROTOTYPES = YES;
				CLANG_WARN_SUSPICIOUS_MOVE = YES;
				CLANG_WARN_UNGUARDED_AVAILABILITY = YES_AGGRESSIVE;
				CLANG_WARN_UNREACHABLE_CODE = YES;
				CLANG_WARN__DUPLICATE_METHOD_MATCH = YES;
				COPY_PHASE_STRIP = NO;
				DEBUG_INFORMATION_FORMAT = dwarf;
				ENABLE_STRICT_OBJC_MSGSEND = YES;
				ENABLE_TESTABILITY = YES;
				ENABLE_USER_SCRIPT_SANDBOXING = YES;
				GCC_C_LANGUAGE_STANDARD = gnu17;
				GCC_DYNAMIC_NO_PIC = NO;
				GCC_NO_COMMON_BLOCKS = YES;
				GCC_OPTIMIZATION_LEVEL = 0;
				GCC_PREPROCESSOR_DEFINITIONS = (
					"DEBUG=1",
					"$(inherited)",
				);
				GCC_WARN_64_TO_32_BIT_CONVERSION = YES;
				GCC_WARN_ABOUT_RETURN_TYPE = YES_ERROR;
				GCC_WARN_UNDECLARED_SELECTOR = YES;
				GCC_WARN_UNINITIALIZED_AUTOS = YES_AGGRESSIVE;
				GCC_WARN_UNUSED_FUNCTION = YES;
				GCC_WARN_UNUSED_VARIABLE = YES;
				IPHONEOS_DEPLOYMENT_TARGET = 17.0;
				LOCALIZATION_PREFERS_STRING_CATALOGS = YES;
				MTL_ENABLE_DEBUG_INFO = INCLUDE_SOURCE;
				MTL_FAST_MATH = YES;
				ONLY_ACTIVE_ARCH = YES;
				SDKROOT = iphoneos;
				SWIFT_ACTIVE_COMPILATION_CONDITIONS = "DEBUG $(inherited)";
				SWIFT_OPTIMIZATION_LEVEL = "-Onone";
			};
			name = Debug;
		};
		78D6909B2B1741B700CC44B7 /* Release */ = {
			isa = XCBuildConfiguration;
			buildSettings = {
				ALWAYS_SEARCH_USER_PATHS = NO;
				ASSETCATALOG_COMPILER_GENERATE_SWIFT_ASSET_SYMBOL_EXTENSIONS = YES;
				CLANG_ANALYZER_NONNULL = YES;
				CLANG_ANALYZER_NUMBER_OBJECT_CONVERSION = YES_AGGRESSIVE;
				CLANG_CXX_LANGUAGE_STANDARD = "gnu++20";
				CLANG_ENABLE_MODULES = YES;
				CLANG_ENABLE_OBJC_ARC = YES;
				CLANG_ENABLE_OBJC_WEAK = YES;
				CLANG_WARN_BLOCK_CAPTURE_AUTORELEASING = YES;
				CLANG_WARN_BOOL_CONVERSION = YES;
				CLANG_WARN_COMMA = YES;
				CLANG_WARN_CONSTANT_CONVERSION = YES;
				CLANG_WARN_DEPRECATED_OBJC_IMPLEMENTATIONS = YES;
				CLANG_WARN_DIRECT_OBJC_ISA_USAGE = YES_ERROR;
				CLANG_WARN_DOCUMENTATION_COMMENTS = YES;
				CLANG_WARN_EMPTY_BODY = YES;
				CLANG_WARN_ENUM_CONVERSION = YES;
				CLANG_WARN_INFINITE_RECURSION = YES;
				CLANG_WARN_INT_CONVERSION = YES;
				CLANG_WARN_NON_LITERAL_NULL_CONVERSION = YES;
				CLANG_WARN_OBJC_IMPLICIT_RETAIN_SELF = YES;
				CLANG_WARN_OBJC_LITERAL_CONVERSION = YES;
				CLANG_WARN_OBJC_ROOT_CLASS = YES_ERROR;
				CLANG_WARN_QUOTED_INCLUDE_IN_FRAMEWORK_HEADER = YES;
				CLANG_WARN_RANGE_LOOP_ANALYSIS = YES;
				CLANG_WARN_STRICT_PROTOTYPES = YES;
				CLANG_WARN_SUSPICIOUS_MOVE = YES;
				CLANG_WARN_UNGUARDED_AVAILABILITY = YES_AGGRESSIVE;
				CLANG_WARN_UNREACHABLE_CODE = YES;
				CLANG_WARN__DUPLICATE_METHOD_MATCH = YES;
				COPY_PHASE_STRIP = NO;
				DEBUG_INFORMATION_FORMAT = "dwarf-with-dsym";
				ENABLE_NS_ASSERTIONS = NO;
				ENABLE_STRICT_OBJC_MSGSEND = YES;
				ENABLE_USER_SCRIPT_SANDBOXING = YES;
				GCC_C_LANGUAGE_STANDARD = gnu17;
				GCC_NO_COMMON_BLOCKS = YES;
				GCC_WARN_64_TO_32_BIT_CONVERSION = YES;
				GCC_WARN_ABOUT_RETURN_TYPE = YES_ERROR;
				GCC_WARN_UNDECLARED_SELECTOR = YES;
				GCC_WARN_UNINITIALIZED_AUTOS = YES_AGGRESSIVE;
				GCC_WARN_UNUSED_FUNCTION = YES;
				GCC_WARN_UNUSED_VARIABLE = YES;
				IPHONEOS_DEPLOYMENT_TARGET = 17.0;
				LOCALIZATION_PREFERS_STRING_CATALOGS = YES;
				MTL_ENABLE_DEBUG_INFO = NO;
				MTL_FAST_MATH = YES;
				SDKROOT = iphoneos;
				SWIFT_COMPILATION_MODE = wholemodule;
				VALIDATE_PRODUCT = YES;
			};
			name = Release;
		};
		78D6909D2B1741B700CC44B7 /* Debug */ = {
			isa = XCBuildConfiguration;
			buildSettings = {
				ASSETCATALOG_COMPILER_APPICON_NAME = AppIcon;
				ASSETCATALOG_COMPILER_GLOBAL_ACCENT_COLOR_NAME = AccentColor;
				CODE_SIGN_STYLE = Automatic;
				CURRENT_PROJECT_VERSION = 1;
				DEVELOPMENT_ASSET_PATHS = "\"DiceOff/Preview Content\"";
				DEVELOPMENT_TEAM = Z75LW57MVL;
				ENABLE_PREVIEWS = YES;
				GENERATE_INFOPLIST_FILE = YES;
				INFOPLIST_KEY_UIApplicationSceneManifest_Generation = YES;
				INFOPLIST_KEY_UIApplicationSupportsIndirectInputEvents = YES;
				INFOPLIST_KEY_UILaunchScreen_Generation = YES;
				INFOPLIST_KEY_UISupportedInterfaceOrientations_iPad = "UIInterfaceOrientationPortrait UIInterfaceOrientationPortraitUpsideDown UIInterfaceOrientationLandscapeLeft UIInterfaceOrientationLandscapeRight";
				INFOPLIST_KEY_UISupportedInterfaceOrientations_iPhone = "UIInterfaceOrientationPortrait UIInterfaceOrientationLandscapeLeft UIInterfaceOrientationLandscapeRight";
				LD_RUNPATH_SEARCH_PATHS = (
					"$(inherited)",
					"@executable_path/Frameworks",
				);
				MARKETING_VERSION = 1.0;
				PRODUCT_BUNDLE_IDENTIFIER = kltechpy.DiceOff;
				PRODUCT_NAME = "$(TARGET_NAME)";
				SWIFT_EMIT_LOC_STRINGS = YES;
				SWIFT_VERSION = 5.0;
				TARGETED_DEVICE_FAMILY = "1,2";
			};
			name = Debug;
		};
		78D6909E2B1741B700CC44B7 /* Release */ = {
			isa = XCBuildConfiguration;
			buildSettings = {
				ASSETCATALOG_COMPILER_APPICON_NAME = AppIcon;
				ASSETCATALOG_COMPILER_GLOBAL_ACCENT_COLOR_NAME = AccentColor;
				CODE_SIGN_STYLE = Automatic;
				CURRENT_PROJECT_VERSION = 1;
				DEVELOPMENT_ASSET_PATHS = "\"DiceOff/Preview Content\"";
				DEVELOPMENT_TEAM = Z75LW57MVL;
				ENABLE_PREVIEWS = YES;
				GENERATE_INFOPLIST_FILE = YES;
				INFOPLIST_KEY_UIApplicationSceneManifest_Generation = YES;
				INFOPLIST_KEY_UIApplicationSupportsIndirectInputEvents = YES;
				INFOPLIST_KEY_UILaunchScreen_Generation = YES;
				INFOPLIST_KEY_UISupportedInterfaceOrientations_iPad = "UIInterfaceOrientationPortrait UIInterfaceOrientationPortraitUpsideDown UIInterfaceOrientationLandscapeLeft UIInterfaceOrientationLandscapeRight";
				INFOPLIST_KEY_UISupportedInterfaceOrientations_iPhone = "UIInterfaceOrientationPortrait UIInterfaceOrientationLandscapeLeft UIInterfaceOrientationLandscapeRight";
				LD_RUNPATH_SEARCH_PATHS = (
					"$(inherited)",
					"@executable_path/Frameworks",
				);
				MARKETING_VERSION = 1.0;
				PRODUCT_BUNDLE_IDENTIFIER = kltechpy.DiceOff;
				PRODUCT_NAME = "$(TARGET_NAME)";
				SWIFT_EMIT_LOC_STRINGS = YES;
				SWIFT_VERSION = 5.0;
				TARGETED_DEVICE_FAMILY = "1,2";
			};
			name = Release;
		};
/* End XCBuildConfiguration section */

/* Begin XCConfigurationList section */
		78D690892B1741B500CC44B7 /* Build configuration list for PBXProject "DiceOff" */ = {
			isa = XCConfigurationList;
			buildConfigurations = (
				78D6909A2B1741B700CC44B7 /* Debug */,
				78D6909B2B1741B700CC44B7 /* Release */,
			);
			defaultConfigurationIsVisible = 0;
			defaultConfigurationName = Release;
		};
		78D6909C2B1741B700CC44B7 /* Build configuration list for PBXNativeTarget "DiceOff" */ = {
			isa = XCConfigurationList;
			buildConfigurations = (
				78D6909D2B1741B700CC44B7 /* Debug */,
				78D6909E2B1741B700CC44B7 /* Release */,
			);
			defaultConfigurationIsVisible = 0;
			defaultConfigurationName = Release;
		};
/* End XCConfigurationList section */
	};
	rootObject = 78D690862B1741B500CC44B7 /* Project object */;
}
